
Microsoft Visual Studio Solution File, Format Version 12.00
# Visual Studio Version 16
VisualStudioVersion = 16.0.29519.87
MinimumVisualStudioVersion = 10.0.40219.1
Project("{9A19103F-16F7-4668-BE54-9A1E7A4F7556}") = "Rockstar.Nick", "Rockstar.Nick\Rockstar.Nick.csproj", "{6BD7B9EB-C634-4E26-AFC6-25C4A15DB392}"
EndProject
Project("{FAE04EC0-301F-11D3-BF4B-00C04F79EFBC}") = "Rockstar.Nick.XUnitTest", "Rockstar.Nick.XUnitTest\Rockstar.Nick.XUnitTest.csproj", "{3B6283CA-0628-4CB1-8E39-D4B3E0F3FC45}"
EndProject
Global
	GlobalSection(SolutionConfigurationPlatforms) = preSolution
		Debug|Any CPU = Debug|Any CPU
		Release|Any CPU = Release|Any CPU
	EndGlobalSection
	GlobalSection(ProjectConfigurationPlatforms) = postSolution
		{6BD7B9EB-C634-4E26-AFC6-25C4A15DB392}.Debug|Any CPU.ActiveCfg = Debug|Any CPU
		{6BD7B9EB-C634-4E26-AFC6-25C4A15DB392}.Debug|Any CPU.Build.0 = Debug|Any CPU
		{6BD7B9EB-C634-4E26-AFC6-25C4A15DB392}.Release|Any CPU.ActiveCfg = Release|Any CPU
		{6BD7B9EB-C634-4E26-AFC6-25C4A15DB392}.Release|Any CPU.Build.0 = Release|Any CPU
		{3B6283CA-0628-4CB1-8E39-D4B3E0F3FC45}.Debug|Any CPU.ActiveCfg = Debug|Any CPU
		{3B6283CA-0628-4CB1-8E39-D4B3E0F3FC45}.Debug|Any CPU.Build.0 = Debug|Any CPU
		{3B6283CA-0628-4CB1-8E39-D4B3E0F3FC45}.Release|Any CPU.ActiveCfg = Release|Any CPU
		{3B6283CA-0628-4CB1-8E39-D4B3E0F3FC45}.Release|Any CPU.Build.0 = Release|Any CPU
	EndGlobalSection
	GlobalSection(SolutionProperties) = preSolution
		HideSolutionNode = FALSE
	EndGlobalSection
	GlobalSection(ExtensibilityGlobals) = postSolution
		SolutionGuid = {CFDED79F-7091-45BA-8F24-EF334941BCA1}
	EndGlobalSection
EndGlobal
